<?xml version="1.0" encoding="UTF-8" standalone="yes" ?>
<CodeBlocks_project_file>
	<FileVersion major="1" minor="6" />
	<Project>
		<Option title="tutorial:dc1d" />
		<Option pch_mode="0" />
		<Option default_target="dc1dsmooth" />
		<Option compiler="gcc" />
		<Build>
			<Target title="dc1dsmooth">
				<Option output="dc1dsmooth.exe" prefix_auto="0" extension_auto="0" />
				<Option external_deps="..\..\..\..\mingw\libgimli.dll;" />
				<Option type="1" />
				<Option compiler="gcc" />
				<Option parameters="-C sond1-100.dat" />
				<Option projectResourceIncludeDirsRelation="1" />
			</Target>
			<Target title="dc1dblock">
				<Option output="dc1dblock.exe" prefix_auto="0" extension_auto="0" />
				<Option external_deps="..\..\..\..\mingw\libgimli.dll;" />
				<Option type="1" />
				<Option compiler="gcc" />
				<Option parameters="-l20 -D sond1-100.dat" />
				<Option projectResourceIncludeDirsRelation="1" />
			</Target>
			<Target title="dc1dsmooth-struct">
				<Option output="dc1dsmooth-struct.exe" prefix_auto="0" extension_auto="0" />
				<Option external_deps="..\..\..\..\mingw\libgimli.dll;" />
				<Option type="1" />
				<Option compiler="gcc" />
				<Option parameters="-C sond1-100.dat" />
				<Option projectResourceIncludeDirsRelation="1" />
			</Target>
			<Target title="dc1dsmooth-region">
				<Option output="dc1dsmooth-region.exe" prefix_auto="0" extension_auto="0" />
				<Option external_deps="..\..\..\..\mingw\libgimli.dll;" />
				<Option type="1" />
				<Option compiler="gcc" />
				<Option parameters="-C sond1-100.dat" />
				<Option projectResourceIncludeDirsRelation="1" />
			</Target>
		</Build>
		<VirtualTargets>
			<Add alias="All" targets="dc1dsmooth;dc1dblock;dc1dsmooth-struct;dc1dsmooth-region;" />
		</VirtualTargets>
		<Compiler>
			<Add option="-O2" />
			<Add option="-DMINGW" />
			<Add directory="..\..\..\..\src" />
		</Compiler>
		<Linker>
			<Add library="libgimli" />
			<Add directory="..\..\..\..\mingw" />
		</Linker>
		<Unit filename="dc1dblock.cpp">
			<Option target="dc1dblock" />
		</Unit>
		<Unit filename="dc1dsmooth.cpp">
			<Option target="dc1dsmooth" />
		</Unit>
		<Unit filename="dc1dsmooth-struct.cpp">
			<Option target="dc1dsmooth-struct" />
		</Unit>
		<Unit filename="dc1dsmooth-region.cpp">
			<Option target="dc1dsmooth-region" />
		</Unit>
		<Extensions>
			<code_completion />
			<debugger />
		</Extensions>
	</Project>
</CodeBlocks_project_file>
