<?xml version="1.0" encoding="UTF-8" standalone="yes" ?>
<CodeBlocks_project_file>
	<FileVersion major="1" minor="6" />
	<Project>
		<Option title="em1d" />
		<Option pch_mode="0" />
		<Option compiler="gcc" />
		<Build>
			<Target title="fdem1dinv">
				<Option output="fdem1dinv.exe" prefix_auto="0" extension_auto="0" />
				<Option external_deps="libgimli.dll;" />
				<Option type="1" />
				<Option compiler="gcc" />
				<Option parameters="-vv -b0.1 -u 1e4 -l300 cux1-nord.fdem" />
				<Option projectResourceIncludeDirsRelation="1" />
			</Target>
			<Target title="dc1dinv">
				<Option output="dc1dinv.exe" prefix_auto="0" extension_auto="0" />
				<Option external_deps="libgimli.dll;" />
				<Option type="1" />
				<Option compiler="gcc" />
				<Option parameters="-v -n3 -e5 -l10 sond100-500-20-n5.dat" />
				<Option projectResourceIncludeDirsRelation="1" />
			</Target>
			<Target title="dc1dsmooth">
				<Option output="dc1dsmooth.exe" prefix_auto="0" extension_auto="0" />
				<Option external_deps="libgimli.dll;" />
				<Option type="1" />
				<Option compiler="gcc" />
				<Option parameters="-n20 -e5 -l10 sond100-500-20-n5.dat" />
				<Option projectResourceIncludeDirsRelation="1" />
			</Target>
			<Target title="mt1dinv">
				<Option output="mt1dinv.exe" prefix_auto="0" extension_auto="0" />
				<Option external_deps="libgimli.dll;" />
				<Option type="1" />
				<Option compiler="gcc" />
				<Option parameters="-vv -l100 -n20 -F 1000_100_1000_n5_1.dat" />
				<Option projectResourceIncludeDirsRelation="1" />
			</Target>
			<Target title="mrs1dsmooth">
				<Option output="mrs1dsmooth.exe" prefix_auto="0" extension_auto="0" />
				<Option external_deps="libgimli.dll;" />
				<Option type="1" />
				<Option compiler="gcc" />
				<Option projectResourceIncludeDirsRelation="1" />
			</Target>
			<Target title="mrs1dblock">
				<Option output="mrs1dblock.exe" prefix_auto="0" extension_auto="0" />
				<Option external_deps="libgimli.dll;" />
				<Option type="1" />
				<Option compiler="gcc" />
				<Option projectResourceIncludeDirsRelation="1" />
			</Target>
			<Target title="mrs1dmod">
				<Option output="mrs1dmod.exe" prefix_auto="0" extension_auto="0" />
				<Option external_deps="libgimli.dll;" />
				<Option type="1" />
				<Option compiler="gcc" />
				<Option projectResourceIncludeDirsRelation="1" />
			</Target>
		</Build>
		<VirtualTargets>
			<Add alias="All" targets="mt1dinv;mrs1dsmooth;mrs1dblock;" />
		</VirtualTargets>
		<Compiler>
			<Add option="-O2" />
			<Add option="-DMINGW" />
			<Add directory="..\src" />
		</Compiler>
		<Linker>
			<Add option="--enable-auto-import" />
			<Add library="gimli" />
			<Add directory="." />
		</Linker>
		<Unit filename="..\apps\em1d\dc1dinv.cpp">
			<Option target="dc1dinv" />
		</Unit>
		<Unit filename="..\apps\em1d\dc1dsmooth.cpp">
			<Option target="dc1dsmooth" />
		</Unit>
		<Unit filename="..\apps\em1d\fdem1dinv.cpp">
			<Option target="fdem1dinv" />
		</Unit>
		<Unit filename="..\apps\em1d\mrs1dblock.cpp">
			<Option target="mrs1dblock" />
		</Unit>
		<Unit filename="..\apps\em1d\mrs1dmod.cpp">
			<Option target="mrs1dmod" />
		</Unit>
		<Unit filename="..\apps\em1d\mrs1dsmooth.cpp">
			<Option target="mrs1dsmooth" />
		</Unit>
		<Unit filename="..\apps\em1d\mt1dinv.cpp">
			<Option target="mt1dinv" />
		</Unit>
		<Extensions>
			<code_completion />
			<debugger />
		</Extensions>
	</Project>
</CodeBlocks_project_file>
