<?xml version="1.0" encoding="UTF-8" standalone="yes" ?>
<CodeBlocks_project_file>
	<FileVersion major="1" minor="6" />
	<Project>
		<Option title="traveltime" />
		<Option pch_mode="0" />
		<Option compiler="gcc" />
		<Build>
			<Target title="ttinv">
				<Option output="ttinv.exe" prefix_auto="0" extension_auto="0" />
				<Option external_deps="libgimli.dll;" />
				<Option type="1" />
				<Option compiler="gcc" />
				<Option projectResourceIncludeDirsRelation="1" />
			</Target>
			<Target title="ttmod">
				<Option output="ttmod.exe" prefix_auto="0" extension_auto="0" />
				<Option external_deps="libgimli.dll;" />
				<Option type="1" />
				<Option compiler="gcc" />
				<Option projectResourceIncludeDirsRelation="1" />
			</Target>
			<Target title="ttresolution">
				<Option output="ttresolution.exe" prefix_auto="0" extension_auto="0" />
				<Option external_deps="libgimli.dll;" />
				<Option type="1" />
				<Option compiler="gcc" />
				<Option projectResourceIncludeDirsRelation="1" />
			</Target>
		</Build>
		<VirtualTargets>
			<Add alias="All" targets="ttinv;ttmod;" />
		</VirtualTargets>
		<Compiler>
			<Add option="-O2" />
			<Add option="-DMINGW" />
			<Add directory="../src" />
		</Compiler>
		<Linker>
			<Add option="-s" />
			<Add option="-Wl,--enable-auto-import" />
			<Add library="gimli" />
			<Add directory="." />
		</Linker>
		<Unit filename="../apps/traveltime/ttinv.cpp">
			<Option target="ttinv" />
		</Unit>
		<Unit filename="../apps/traveltime/ttmod.cpp">
			<Option target="ttmod" />
		</Unit>
		<Unit filename="../apps/traveltime/ttresolution.cpp">
			<Option target="ttresolution" />
		</Unit>
		<Extensions>
			<code_completion />
			<debugger />
			<envvars />
		</Extensions>
	</Project>
</CodeBlocks_project_file>
