<?xml version="1.0" encoding="UTF-8" standalone="yes" ?>
<CodeBlocks_project_file>
	<FileVersion major="1" minor="6" />
	<Project>
		<Option title="tutorial:polyfit" />
		<Option pch_mode="0" />
		<Option default_target="polyfit" />
		<Option compiler="gcc" />
		<Build>
			<Target title="polyfit0">
				<Option output="polyfit0.exe" prefix_auto="0" extension_auto="0" />
				<Option external_deps="..\..\..\mingw\libgimli.dll;" />
				<Option type="1" />
				<Option parameters="y_2.1x+1.1.dat" />
				<Option projectResourceIncludeDirsRelation="1" />
			</Target>
			<Target title="polyfit1">
				<Option output="polyfit1.exe" prefix_auto="0" extension_auto="0" />
				<Option external_deps="..\..\..\mingw\libgimli.dll;" />
				<Option type="1" />
				<Option parameters="y_2.1x+1.1.dat" />
				<Option projectResourceIncludeDirsRelation="1" />
			</Target>
		</Build>
		<VirtualTargets>
			<Add alias="All" targets="polyfit0;polyfit1" />
		</VirtualTargets>
		<Compiler>
			<Add option="-O2" />
			<Add option="-DMINGW" />
			<Add directory="..\..\..\..\src" />
		</Compiler>
		<Linker>
			<Add library="libgimli" />
			<Add directory="..\..\..\..\mingw" />
		</Linker>
		<Unit filename="polyfit0.cpp">
			<Option target="polyfit0" />
		</Unit>
		<Unit filename="polyfit1.cpp">
			<Option target="polyfit1" />
		</Unit>
		<Extensions>
			<code_completion />
			<debugger />
		</Extensions>
	</Project>
</CodeBlocks_project_file>
